
Microsoft Visual Studio Solution File, Format Version 12.00
# Visual Studio Version 16
VisualStudioVersion = 16.0.29926.136
MinimumVisualStudioVersion = 10.0.40219.1
Project("{FAE04EC0-301F-11D3-BF4B-00C04F79EFBC}") = "Taller 2", "Taller 2\Taller 2.csproj", "{FDAACDC8-3059-4A68-B078-6E49D2635D60}"
EndProject
Global
	GlobalSection(SolutionConfigurationPlatforms) = preSolution
		Debug|Any CPU = Debug|Any CPU
		Release|Any CPU = Release|Any CPU
	EndGlobalSection
	GlobalSection(ProjectConfigurationPlatforms) = postSolution
		{FDAACDC8-3059-4A68-B078-6E49D2635D60}.Debug|Any CPU.ActiveCfg = Debug|Any CPU
		{FDAACDC8-3059-4A68-B078-6E49D2635D60}.Debug|Any CPU.Build.0 = Debug|Any CPU
		{FDAACDC8-3059-4A68-B078-6E49D2635D60}.Release|Any CPU.ActiveCfg = Release|Any CPU
		{FDAACDC8-3059-4A68-B078-6E49D2635D60}.Release|Any CPU.Build.0 = Release|Any CPU
	EndGlobalSection
	GlobalSection(SolutionProperties) = preSolution
		HideSolutionNode = FALSE
	EndGlobalSection
	GlobalSection(ExtensibilityGlobals) = postSolution
		SolutionGuid = {8EE33DD9-BD40-49CE-8610-DFB1EF28A775}
	EndGlobalSection
EndGlobal
